
Microsoft Visual Studio Solution File, Format Version 12.00
# Visual Studio Version 16
VisualStudioVersion = 16.0.29418.71
MinimumVisualStudioVersion = 10.0.40219.1
Project("{FAE04EC0-301F-11D3-BF4B-00C04F79EFBC}") = "week2_ex15", "week2_ex15\week2_ex15.csproj", "{DFC5DF40-727E-4956-BE83-0149751A8EB2}"
EndProject
Global
	GlobalSection(SolutionConfigurationPlatforms) = preSolution
		Debug|Any CPU = Debug|Any CPU
		Release|Any CPU = Release|Any CPU
	EndGlobalSection
	GlobalSection(ProjectConfigurationPlatforms) = postSolution
		{DFC5DF40-727E-4956-BE83-0149751A8EB2}.Debug|Any CPU.ActiveCfg = Debug|Any CPU
		{DFC5DF40-727E-4956-BE83-0149751A8EB2}.Debug|Any CPU.Build.0 = Debug|Any CPU
		{DFC5DF40-727E-4956-BE83-0149751A8EB2}.Release|Any CPU.ActiveCfg = Release|Any CPU
		{DFC5DF40-727E-4956-BE83-0149751A8EB2}.Release|Any CPU.Build.0 = Release|Any CPU
	EndGlobalSection
	GlobalSection(SolutionProperties) = preSolution
		HideSolutionNode = FALSE
	EndGlobalSection
	GlobalSection(ExtensibilityGlobals) = postSolution
		SolutionGuid = {CAA783E7-2CED-4993-8075-1052ED8B8639}
	EndGlobalSection
EndGlobal
