
Microsoft Visual Studio Solution File, Format Version 12.00
# Visual Studio Version 16
VisualStudioVersion = 16.0.29215.179
MinimumVisualStudioVersion = 10.0.40219.1
Project("{FAE04EC0-301F-11D3-BF4B-00C04F79EFBC}") = "week2_hw", "week2_hw\week2_hw.csproj", "{1B52E7E2-2574-4586-89BB-30B53ED38428}"
EndProject
Global
	GlobalSection(SolutionConfigurationPlatforms) = preSolution
		Debug|Any CPU = Debug|Any CPU
		Release|Any CPU = Release|Any CPU
	EndGlobalSection
	GlobalSection(ProjectConfigurationPlatforms) = postSolution
		{1B52E7E2-2574-4586-89BB-30B53ED38428}.Debug|Any CPU.ActiveCfg = Debug|Any CPU
		{1B52E7E2-2574-4586-89BB-30B53ED38428}.Debug|Any CPU.Build.0 = Debug|Any CPU
		{1B52E7E2-2574-4586-89BB-30B53ED38428}.Release|Any CPU.ActiveCfg = Release|Any CPU
		{1B52E7E2-2574-4586-89BB-30B53ED38428}.Release|Any CPU.Build.0 = Release|Any CPU
	EndGlobalSection
	GlobalSection(SolutionProperties) = preSolution
		HideSolutionNode = FALSE
	EndGlobalSection
	GlobalSection(ExtensibilityGlobals) = postSolution
		SolutionGuid = {BF261D7F-FCCB-4A9B-8A75-F8561B66A778}
	EndGlobalSection
EndGlobal
