
Microsoft Visual Studio Solution File, Format Version 12.00
# Visual Studio Version 16
VisualStudioVersion = 16.0.29215.179
MinimumVisualStudioVersion = 10.0.40219.1
Project("{FAE04EC0-301F-11D3-BF4B-00C04F79EFBC}") = "week1_ex3", "week1_ex3.csproj", "{C9C9287E-3089-4BD1-BFDC-74A68F697EAF}"
EndProject
Global
	GlobalSection(SolutionConfigurationPlatforms) = preSolution
		Debug|Any CPU = Debug|Any CPU
		Release|Any CPU = Release|Any CPU
	EndGlobalSection
	GlobalSection(ProjectConfigurationPlatforms) = postSolution
		{C9C9287E-3089-4BD1-BFDC-74A68F697EAF}.Debug|Any CPU.ActiveCfg = Debug|Any CPU
		{C9C9287E-3089-4BD1-BFDC-74A68F697EAF}.Debug|Any CPU.Build.0 = Debug|Any CPU
		{C9C9287E-3089-4BD1-BFDC-74A68F697EAF}.Release|Any CPU.ActiveCfg = Release|Any CPU
		{C9C9287E-3089-4BD1-BFDC-74A68F697EAF}.Release|Any CPU.Build.0 = Release|Any CPU
	EndGlobalSection
	GlobalSection(SolutionProperties) = preSolution
		HideSolutionNode = FALSE
	EndGlobalSection
	GlobalSection(ExtensibilityGlobals) = postSolution
		SolutionGuid = {1785D9E6-6FC0-42EB-9224-FE1803ECDFE2}
	EndGlobalSection
EndGlobal
